// !$*UTF8*$!
{
	archiveVersion = 1;
	classes = {
	};
	objectVersion = 77;
	objects = {

/* Begin PBXBuildFile section */
		49C1FC3F2CE7FCF4005A453B /* StoreKit.framework in Frameworks */ = {isa = PBXBuildFile; fileRef = 49C1FC3E2CE7FCF4005A453B /* StoreKit.framework */; };
		49C1FC552CE7FE99005A453B /* Auth in Frameworks */ = {isa = PBXBuildFile; productRef = 49C1FC542CE7FE99005A453B /* Auth */; };
		49C1FC572CE7FE99005A453B /* Functions in Frameworks */ = {isa = PBXBuildFile; productRef = 49C1FC562CE7FE99005A453B /* Functions */; };
		49C1FC592CE7FE99005A453B /* PostgREST in Frameworks */ = {isa = PBXBuildFile; productRef = 49C1FC582CE7FE99005A453B /* PostgREST */; };
		49C1FC5B2CE7FE99005A453B /* Realtime in Frameworks */ = {isa = PBXBuildFile; productRef = 49C1FC5A2CE7FE99005A453B /* Realtime */; };
		49C1FC5D2CE7FE99005A453B /* Storage in Frameworks */ = {isa = PBXBuildFile; productRef = 49C1FC5C2CE7FE99005A453B /* Storage */; };
		49C1FC5F2CE7FEA4005A453B /* Supabase in Frameworks */ = {isa = PBXBuildFile; productRef = 49C1FC5E2CE7FEA4005A453B /* Supabase */; };
		49C1FC622CE7FED0005A453B /* RevenueCat in Frameworks */ = {isa = PBXBuildFile; productRef = 49C1FC612CE7FED0005A453B /* RevenueCat */; };
		49C1FC642CE7FED0005A453B /* RevenueCatUI in Frameworks */ = {isa = PBXBuildFile; productRef = 49C1FC632CE7FED0005A453B /* RevenueCatUI */; };
/* End PBXBuildFile section */

/* Begin PBXFileReference section */
		49C1FC2C2CE7FCB6005A453B /* flynn.app */ = {isa = PBXFileReference; explicitFileType = wrapper.application; includeInIndex = 0; path = flynn.app; sourceTree = BUILT_PRODUCTS_DIR; };
		49C1FC3E2CE7FCF4005A453B /* StoreKit.framework */ = {isa = PBXFileReference; lastKnownFileType = wrapper.framework; name = StoreKit.framework; path = System/Library/Frameworks/StoreKit.framework; sourceTree = SDKROOT; };
/* End PBXFileReference section */

/* Begin PBXFileSystemSynchronizedRootGroup section */
		49C1FC2E2CE7FCB6005A453B /* flynn */ = {
			isa = PBXFileSystemSynchronizedRootGroup;
			path = flynn;
			sourceTree = "<group>";
		};
/* End PBXFileSystemSynchronizedRootGroup section */

/* Begin PBXFrameworksBuildPhase section */
		49C1FC292CE7FCB6005A453B /* Frameworks */ = {
			isa = PBXFrameworksBuildPhase;
			buildActionMask = 2147483647;
			files = (
				49C1FC5F2CE7FEA4005A453B /* Supabase in Frameworks */,
				49C1FC5D2CE7FE99005A453B /* Storage in Frameworks */,
				49C1FC592CE7FE99005A453B /* PostgREST in Frameworks */,
				49C1FC572CE7FE99005A453B /* Functions in Frameworks */,
				49C1FC622CE7FED0005A453B /* RevenueCat in Frameworks */,
				49C1FC642CE7FED0005A453B /* RevenueCatUI in Frameworks */,
				49C1FC552CE7FE99005A453B /* Auth in Frameworks */,
				49C1FC5B2CE7FE99005A453B /* Realtime in Frameworks */,
				49C1FC3F2CE7FCF4005A453B /* StoreKit.framework in Frameworks */,
			);
			runOnlyForDeploymentPostprocessing = 0;
		};
/* End PBXFrameworksBuildPhase section */

/* Begin PBXGroup section */
		49C1FC232CE7FCB6005A453B = {
			isa = PBXGroup;
			children = (
				49C1FC2E2CE7FCB6005A453B /* flynn */,
				49C1FC3D2CE7FCF4005A453B /* Frameworks */,
				49C1FC2D2CE7FCB6005A453B /* Products */,
			);
			sourceTree = "<group>";
		};
		49C1FC2D2CE7FCB6005A453B /* Products */ = {
			isa = PBXGroup;
			children = (
				49C1FC2C2CE7FCB6005A453B /* flynn.app */,
			);
			name = Products;
			sourceTree = "<group>";
		};
		49C1FC3D2CE7FCF4005A453B /* Frameworks */ = {
			isa = PBXGroup;
			children = (
				49C1FC3E2CE7FCF4005A453B /* StoreKit.framework */,
			);
			name = Frameworks;
			sourceTree = "<group>";
		};
/* End PBXGroup section */

/* Begin PBXNativeTarget section */
		49C1FC2B2CE7FCB6005A453B /* flynn */ = {
			isa = PBXNativeTarget;
			buildConfigurationList = 49C1FC3A2CE7FCB8005A453B /* Build configuration list for PBXNativeTarget "flynn" */;
			buildPhases = (
				49C1FC282CE7FCB6005A453B /* Sources */,
				49C1FC292CE7FCB6005A453B /* Frameworks */,
				49C1FC2A2CE7FCB6005A453B /* Resources */,
			);
			buildRules = (
			);
			dependencies = (
			);
			fileSystemSynchronizedGroups = (
				49C1FC2E2CE7FCB6005A453B /* flynn */,
			);
			name = flynn;
			packageProductDependencies = (
				49C1FC542CE7FE99005A453B /* Auth */,
				49C1FC562CE7FE99005A453B /* Functions */,
				49C1FC582CE7FE99005A453B /* PostgREST */,
				49C1FC5A2CE7FE99005A453B /* Realtime */,
				49C1FC5C2CE7FE99005A453B /* Storage */,
				49C1FC5E2CE7FEA4005A453B /* Supabase */,
				49C1FC612CE7FED0005A453B /* RevenueCat */,
				49C1FC632CE7FED0005A453B /* RevenueCatUI */,
			);
			productName = flynn;
			productReference = 49C1FC2C2CE7FCB6005A453B /* flynn.app */;
			productType = "com.apple.product-type.application";
		};
/* End PBXNativeTarget section */

/* Begin PBXProject section */
		49C1FC242CE7FCB6005A453B /* Project object */ = {
			isa = PBXProject;
			attributes = {
				BuildIndependentTargetsInParallel = 1;
				LastSwiftUpdateCheck = 1610;
				LastUpgradeCheck = 1610;
				TargetAttributes = {
					49C1FC2B2CE7FCB6005A453B = {
						CreatedOnToolsVersion = 16.1;
					};
				};
			};
			buildConfigurationList = 49C1FC272CE7FCB6005A453B /* Build configuration list for PBXProject "flynn" */;
			developmentRegion = en;
			hasScannedForEncodings = 0;
			knownRegions = (
				en,
				Base,
			);
			mainGroup = 49C1FC232CE7FCB6005A453B;
			minimizedProjectReferenceProxies = 1;
			packageReferences = (
				49C1FC532CE7FE99005A453B /* XCRemoteSwiftPackageReference "supabase-swift" */,
				49C1FC602CE7FED0005A453B /* XCRemoteSwiftPackageReference "purchases-ios" */,
			);
			preferredProjectObjectVersion = 77;
			productRefGroup = 49C1FC2D2CE7FCB6005A453B /* Products */;
			projectDirPath = "";
			projectRoot = "";
			targets = (
				49C1FC2B2CE7FCB6005A453B /* flynn */,
			);
		};
/* End PBXProject section */

/* Begin PBXResourcesBuildPhase section */
		49C1FC2A2CE7FCB6005A453B /* Resources */ = {
			isa = PBXResourcesBuildPhase;
			buildActionMask = 2147483647;
			files = (
			);
			runOnlyForDeploymentPostprocessing = 0;
		};
/* End PBXResourcesBuildPhase section */

/* Begin PBXSourcesBuildPhase section */
		49C1FC282CE7FCB6005A453B /* Sources */ = {
			isa = PBXSourcesBuildPhase;
			buildActionMask = 2147483647;
			files = (
			);
			runOnlyForDeploymentPostprocessing = 0;
		};
/* End PBXSourcesBuildPhase section */

/* Begin XCBuildConfiguration section */
		49C1FC382CE7FCB8005A453B /* Debug */ = {
			isa = XCBuildConfiguration;
			buildSettings = {
				ALWAYS_SEARCH_USER_PATHS = NO;
				ASSETCATALOG_COMPILER_GENERATE_SWIFT_ASSET_SYMBOL_EXTENSIONS = YES;
				CLANG_ANALYZER_NONNULL = YES;
				CLANG_ANALYZER_NUMBER_OBJECT_CONVERSION = YES_AGGRESSIVE;
				CLANG_CXX_LANGUAGE_STANDARD = "gnu++20";
				CLANG_ENABLE_MODULES = YES;
				CLANG_ENABLE_OBJC_ARC = YES;
				CLANG_ENABLE_OBJC_WEAK = YES;
				CLANG_WARN_BLOCK_CAPTURE_AUTORELEASING = YES;
				CLANG_WARN_BOOL_CONVERSION = YES;
				CLANG_WARN_COMMA = YES;
				CLANG_WARN_CONSTANT_CONVERSION = YES;
				CLANG_WARN_DEPRECATED_OBJC_IMPLEMENTATIONS = YES;
				CLANG_WARN_DIRECT_OBJC_ISA_USAGE = YES_ERROR;
				CLANG_WARN_DOCUMENTATION_COMMENTS = YES;
				CLANG_WARN_EMPTY_BODY = YES;
				CLANG_WARN_ENUM_CONVERSION = YES;
				CLANG_WARN_INFINITE_RECURSION = YES;
				CLANG_WARN_INT_CONVERSION = YES;
				CLANG_WARN_NON_LITERAL_NULL_CONVERSION = YES;
				CLANG_WARN_OBJC_IMPLICIT_RETAIN_SELF = YES;
				CLANG_WARN_OBJC_LITERAL_CONVERSION = YES;
				CLANG_WARN_OBJC_ROOT_CLASS = YES_ERROR;
				CLANG_WARN_QUOTED_INCLUDE_IN_FRAMEWORK_HEADER = YES;
				CLANG_WARN_RANGE_LOOP_ANALYSIS = YES;
				CLANG_WARN_STRICT_PROTOTYPES = YES;
				CLANG_WARN_SUSPICIOUS_MOVE = YES;
				CLANG_WARN_UNGUARDED_AVAILABILITY = YES_AGGRESSIVE;
				CLANG_WARN_UNREACHABLE_CODE = YES;
				CLANG_WARN__DUPLICATE_METHOD_MATCH = YES;
				COPY_PHASE_STRIP = NO;
				DEBUG_INFORMATION_FORMAT = dwarf;
				ENABLE_STRICT_OBJC_MSGSEND = YES;
				ENABLE_TESTABILITY = YES;
				ENABLE_USER_SCRIPT_SANDBOXING = YES;
				GCC_C_LANGUAGE_STANDARD = gnu17;
				GCC_DYNAMIC_NO_PIC = NO;
				GCC_NO_COMMON_BLOCKS = YES;
				GCC_OPTIMIZATION_LEVEL = 0;
				GCC_PREPROCESSOR_DEFINITIONS = (
					"DEBUG=1",
					"$(inherited)",
				);
				GCC_WARN_64_TO_32_BIT_CONVERSION = YES;
				GCC_WARN_ABOUT_RETURN_TYPE = YES_ERROR;
				GCC_WARN_UNDECLARED_SELECTOR = YES;
				GCC_WARN_UNINITIALIZED_AUTOS = YES_AGGRESSIVE;
				GCC_WARN_UNUSED_FUNCTION = YES;
				GCC_WARN_UNUSED_VARIABLE = YES;
				IPHONEOS_DEPLOYMENT_TARGET = 18.1;
				LOCALIZATION_PREFERS_STRING_CATALOGS = YES;
				MTL_ENABLE_DEBUG_INFO = INCLUDE_SOURCE;
				MTL_FAST_MATH = YES;
				ONLY_ACTIVE_ARCH = YES;
				SDKROOT = iphoneos;
				SWIFT_ACTIVE_COMPILATION_CONDITIONS = "DEBUG $(inherited)";
				SWIFT_OPTIMIZATION_LEVEL = "-Onone";
			};
			name = Debug;
		};
		49C1FC392CE7FCB8005A453B /* Release */ = {
			isa = XCBuildConfiguration;
			buildSettings = {
				ALWAYS_SEARCH_USER_PATHS = NO;
				ASSETCATALOG_COMPILER_GENERATE_SWIFT_ASSET_SYMBOL_EXTENSIONS = YES;
				CLANG_ANALYZER_NONNULL = YES;
				CLANG_ANALYZER_NUMBER_OBJECT_CONVERSION = YES_AGGRESSIVE;
				CLANG_CXX_LANGUAGE_STANDARD = "gnu++20";
				CLANG_ENABLE_MODULES = YES;
				CLANG_ENABLE_OBJC_ARC = YES;
				CLANG_ENABLE_OBJC_WEAK = YES;
				CLANG_WARN_BLOCK_CAPTURE_AUTORELEASING = YES;
				CLANG_WARN_BOOL_CONVERSION = YES;
				CLANG_WARN_COMMA = YES;
				CLANG_WARN_CONSTANT_CONVERSION = YES;
				CLANG_WARN_DEPRECATED_OBJC_IMPLEMENTATIONS = YES;
				CLANG_WARN_DIRECT_OBJC_ISA_USAGE = YES_ERROR;
				CLANG_WARN_DOCUMENTATION_COMMENTS = YES;
				CLANG_WARN_EMPTY_BODY = YES;
				CLANG_WARN_ENUM_CONVERSION = YES;
				CLANG_WARN_INFINITE_RECURSION = YES;
				CLANG_WARN_INT_CONVERSION = YES;
				CLANG_WARN_NON_LITERAL_NULL_CONVERSION = YES;
				CLANG_WARN_OBJC_IMPLICIT_RETAIN_SELF = YES;
				CLANG_WARN_OBJC_LITERAL_CONVERSION = YES;
				CLANG_WARN_OBJC_ROOT_CLASS = YES_ERROR;
				CLANG_WARN_QUOTED_INCLUDE_IN_FRAMEWORK_HEADER = YES;
				CLANG_WARN_RANGE_LOOP_ANALYSIS = YES;
				CLANG_WARN_STRICT_PROTOTYPES = YES;
				CLANG_WARN_SUSPICIOUS_MOVE = YES;
				CLANG_WARN_UNGUARDED_AVAILABILITY = YES_AGGRESSIVE;
				CLANG_WARN_UNREACHABLE_CODE = YES;
				CLANG_WARN__DUPLICATE_METHOD_MATCH = YES;
				COPY_PHASE_STRIP = NO;
				DEBUG_INFORMATION_FORMAT = "dwarf-with-dsym";
				ENABLE_NS_ASSERTIONS = NO;
				ENABLE_STRICT_OBJC_MSGSEND = YES;
				ENABLE_USER_SCRIPT_SANDBOXING = YES;
				GCC_C_LANGUAGE_STANDARD = gnu17;
				GCC_NO_COMMON_BLOCKS = YES;
				GCC_WARN_64_TO_32_BIT_CONVERSION = YES;
				GCC_WARN_ABOUT_RETURN_TYPE = YES_ERROR;
				GCC_WARN_UNDECLARED_SELECTOR = YES;
				GCC_WARN_UNINITIALIZED_AUTOS = YES_AGGRESSIVE;
				GCC_WARN_UNUSED_FUNCTION = YES;
				GCC_WARN_UNUSED_VARIABLE = YES;
				IPHONEOS_DEPLOYMENT_TARGET = 18.1;
				LOCALIZATION_PREFERS_STRING_CATALOGS = YES;
				MTL_ENABLE_DEBUG_INFO = NO;
				MTL_FAST_MATH = YES;
				SDKROOT = iphoneos;
				SWIFT_COMPILATION_MODE = wholemodule;
				VALIDATE_PRODUCT = YES;
			};
			name = Release;
		};
		49C1FC3B2CE7FCB8005A453B /* Debug */ = {
			isa = XCBuildConfiguration;
			buildSettings = {
				ASSETCATALOG_COMPILER_APPICON_NAME = AppIcon;
				ASSETCATALOG_COMPILER_GLOBAL_ACCENT_COLOR_NAME = AccentColor;
				CODE_SIGN_ENTITLEMENTS = flynn/flynn.entitlements;
				CODE_SIGN_STYLE = Automatic;
				CURRENT_PROJECT_VERSION = 1;
				DEVELOPMENT_ASSET_PATHS = "\"flynn/Preview Content\"";
				DEVELOPMENT_TEAM = WEBVY2C5S6;
				ENABLE_PREVIEWS = YES;
				GENERATE_INFOPLIST_FILE = YES;
				INFOPLIST_KEY_UIApplicationSceneManifest_Generation = YES;
				INFOPLIST_KEY_UIApplicationSupportsIndirectInputEvents = YES;
				INFOPLIST_KEY_UILaunchScreen_Generation = YES;
				INFOPLIST_KEY_UIRequiresFullScreen = YES;
				INFOPLIST_KEY_UISupportedInterfaceOrientations = UIInterfaceOrientationPortrait;
				LD_RUNPATH_SEARCH_PATHS = (
					"$(inherited)",
					"@executable_path/Frameworks",
				);
				MARKETING_VERSION = 1.0;
				PRODUCT_BUNDLE_IDENTIFIER = com.daviddoswell.flynn;
				PRODUCT_NAME = "$(TARGET_NAME)";
				SWIFT_EMIT_LOC_STRINGS = YES;
				SWIFT_VERSION = 5.0;
				TARGETED_DEVICE_FAMILY = "1,2";
			};
			name = Debug;
		};
		49C1FC3C2CE7FCB8005A453B /* Release */ = {
			isa = XCBuildConfiguration;
			buildSettings = {
				ASSETCATALOG_COMPILER_APPICON_NAME = AppIcon;
				ASSETCATALOG_COMPILER_GLOBAL_ACCENT_COLOR_NAME = AccentColor;
				CODE_SIGN_ENTITLEMENTS = flynn/flynn.entitlements;
				CODE_SIGN_STYLE = Automatic;
				CURRENT_PROJECT_VERSION = 1;
				DEVELOPMENT_ASSET_PATHS = "\"flynn/Preview Content\"";
				DEVELOPMENT_TEAM = WEBVY2C5S6;
				ENABLE_PREVIEWS = YES;
				GENERATE_INFOPLIST_FILE = YES;
				INFOPLIST_KEY_UIApplicationSceneManifest_Generation = YES;
				INFOPLIST_KEY_UIApplicationSupportsIndirectInputEvents = YES;
				INFOPLIST_KEY_UILaunchScreen_Generation = YES;
				INFOPLIST_KEY_UIRequiresFullScreen = YES;
				INFOPLIST_KEY_UISupportedInterfaceOrientations = UIInterfaceOrientationPortrait;
				LD_RUNPATH_SEARCH_PATHS = (
					"$(inherited)",
					"@executable_path/Frameworks",
				);
				MARKETING_VERSION = 1.0;
				PRODUCT_BUNDLE_IDENTIFIER = com.daviddoswell.flynn;
				PRODUCT_NAME = "$(TARGET_NAME)";
				SWIFT_EMIT_LOC_STRINGS = YES;
				SWIFT_VERSION = 5.0;
				TARGETED_DEVICE_FAMILY = "1,2";
			};
			name = Release;
		};
/* End XCBuildConfiguration section */

/* Begin XCConfigurationList section */
		49C1FC272CE7FCB6005A453B /* Build configuration list for PBXProject "flynn" */ = {
			isa = XCConfigurationList;
			buildConfigurations = (
				49C1FC382CE7FCB8005A453B /* Debug */,
				49C1FC392CE7FCB8005A453B /* Release */,
			);
			defaultConfigurationIsVisible = 0;
			defaultConfigurationName = Release;
		};
		49C1FC3A2CE7FCB8005A453B /* Build configuration list for PBXNativeTarget "flynn" */ = {
			isa = XCConfigurationList;
			buildConfigurations = (
				49C1FC3B2CE7FCB8005A453B /* Debug */,
				49C1FC3C2CE7FCB8005A453B /* Release */,
			);
			defaultConfigurationIsVisible = 0;
			defaultConfigurationName = Release;
		};
/* End XCConfigurationList section */

/* Begin XCRemoteSwiftPackageReference section */
		49C1FC532CE7FE99005A453B /* XCRemoteSwiftPackageReference "supabase-swift" */ = {
			isa = XCRemoteSwiftPackageReference;
			repositoryURL = "https://github.com/supabase/supabase-swift.git";
			requirement = {
				kind = upToNextMajorVersion;
				minimumVersion = 2.5.1;
			};
		};
		49C1FC602CE7FED0005A453B /* XCRemoteSwiftPackageReference "purchases-ios" */ = {
			isa = XCRemoteSwiftPackageReference;
			repositoryURL = "https://github.com/RevenueCat/purchases-ios.git";
			requirement = {
				kind = upToNextMajorVersion;
				minimumVersion = 5.9.0;
			};
		};
/* End XCRemoteSwiftPackageReference section */

/* Begin XCSwiftPackageProductDependency section */
		49C1FC542CE7FE99005A453B /* Auth */ = {
			isa = XCSwiftPackageProductDependency;
			package = 49C1FC532CE7FE99005A453B /* XCRemoteSwiftPackageReference "supabase-swift" */;
			productName = Auth;
		};
		49C1FC562CE7FE99005A453B /* Functions */ = {
			isa = XCSwiftPackageProductDependency;
			package = 49C1FC532CE7FE99005A453B /* XCRemoteSwiftPackageReference "supabase-swift" */;
			productName = Functions;
		};
		49C1FC582CE7FE99005A453B /* PostgREST */ = {
			isa = XCSwiftPackageProductDependency;
			package = 49C1FC532CE7FE99005A453B /* XCRemoteSwiftPackageReference "supabase-swift" */;
			productName = PostgREST;
		};
		49C1FC5A2CE7FE99005A453B /* Realtime */ = {
			isa = XCSwiftPackageProductDependency;
			package = 49C1FC532CE7FE99005A453B /* XCRemoteSwiftPackageReference "supabase-swift" */;
			productName = Realtime;
		};
		49C1FC5C2CE7FE99005A453B /* Storage */ = {
			isa = XCSwiftPackageProductDependency;
			package = 49C1FC532CE7FE99005A453B /* XCRemoteSwiftPackageReference "supabase-swift" */;
			productName = Storage;
		};
		49C1FC5E2CE7FEA4005A453B /* Supabase */ = {
			isa = XCSwiftPackageProductDependency;
			package = 49C1FC532CE7FE99005A453B /* XCRemoteSwiftPackageReference "supabase-swift" */;
			productName = Supabase;
		};
		49C1FC612CE7FED0005A453B /* RevenueCat */ = {
			isa = XCSwiftPackageProductDependency;
			package = 49C1FC602CE7FED0005A453B /* XCRemoteSwiftPackageReference "purchases-ios" */;
			productName = RevenueCat;
		};
		49C1FC632CE7FED0005A453B /* RevenueCatUI */ = {
			isa = XCSwiftPackageProductDependency;
			package = 49C1FC602CE7FED0005A453B /* XCRemoteSwiftPackageReference "purchases-ios" */;
			productName = RevenueCatUI;
		};
/* End XCSwiftPackageProductDependency section */
	};
	rootObject = 49C1FC242CE7FCB6005A453B /* Project object */;
}
